
Microsoft Visual Studio Solution File, Format Version 12.00
# Visual Studio Version 17
VisualStudioVersion = 17.0.31903.59
MinimumVisualStudioVersion = 10.0.40219.1
Project("{9A19103F-16F7-4668-BE54-9A1E7A4F7556}") = "WebAPI", "WebAPI\WebAPI.csproj", "{3C8195CF-D84E-48E8-8E4F-AF219C139618}"
EndProject
Project("{9A19103F-16F7-4668-BE54-9A1E7A4F7556}") = "Entities", "Entities\Entities.csproj", "{0FE8ED1D-ADC4-4F29-9F37-03A9BC1C3211}"
EndProject
Project("{9A19103F-16F7-4668-BE54-9A1E7A4F7556}") = "DataAccess", "DataAccess\DataAccess.csproj", "{5E008ED5-515E-4E3F-AC3A-22E4196DD91B}"
EndProject
Project("{9A19103F-16F7-4668-BE54-9A1E7A4F7556}") = "Business", "Business\Business.csproj", "{4689FC75-C8FF-4852-8800-0256FA166193}"
EndProject
Project("{FAE04EC0-301F-11D3-BF4B-00C04F79EFBC}") = "CoffeShop.Mvc", "CoffeShop.Mvc\CoffeShop.Mvc.csproj", "{41C95999-80BC-4EB0-B996-9C157DAB8F16}"
EndProject
Global
	GlobalSection(SolutionConfigurationPlatforms) = preSolution
		Debug|Any CPU = Debug|Any CPU
		Release|Any CPU = Release|Any CPU
	EndGlobalSection
	GlobalSection(ProjectConfigurationPlatforms) = postSolution
		{3C8195CF-D84E-48E8-8E4F-AF219C139618}.Debug|Any CPU.ActiveCfg = Debug|Any CPU
		{3C8195CF-D84E-48E8-8E4F-AF219C139618}.Debug|Any CPU.Build.0 = Debug|Any CPU
		{3C8195CF-D84E-48E8-8E4F-AF219C139618}.Release|Any CPU.ActiveCfg = Release|Any CPU
		{3C8195CF-D84E-48E8-8E4F-AF219C139618}.Release|Any CPU.Build.0 = Release|Any CPU
		{0FE8ED1D-ADC4-4F29-9F37-03A9BC1C3211}.Debug|Any CPU.ActiveCfg = Debug|Any CPU
		{0FE8ED1D-ADC4-4F29-9F37-03A9BC1C3211}.Debug|Any CPU.Build.0 = Debug|Any CPU
		{0FE8ED1D-ADC4-4F29-9F37-03A9BC1C3211}.Release|Any CPU.ActiveCfg = Release|Any CPU
		{0FE8ED1D-ADC4-4F29-9F37-03A9BC1C3211}.Release|Any CPU.Build.0 = Release|Any CPU
		{5E008ED5-515E-4E3F-AC3A-22E4196DD91B}.Debug|Any CPU.ActiveCfg = Debug|Any CPU
		{5E008ED5-515E-4E3F-AC3A-22E4196DD91B}.Debug|Any CPU.Build.0 = Debug|Any CPU
		{5E008ED5-515E-4E3F-AC3A-22E4196DD91B}.Release|Any CPU.ActiveCfg = Release|Any CPU
		{5E008ED5-515E-4E3F-AC3A-22E4196DD91B}.Release|Any CPU.Build.0 = Release|Any CPU
		{4689FC75-C8FF-4852-8800-0256FA166193}.Debug|Any CPU.ActiveCfg = Debug|Any CPU
		{4689FC75-C8FF-4852-8800-0256FA166193}.Debug|Any CPU.Build.0 = Debug|Any CPU
		{4689FC75-C8FF-4852-8800-0256FA166193}.Release|Any CPU.ActiveCfg = Release|Any CPU
		{4689FC75-C8FF-4852-8800-0256FA166193}.Release|Any CPU.Build.0 = Release|Any CPU
		{41C95999-80BC-4EB0-B996-9C157DAB8F16}.Debug|Any CPU.ActiveCfg = Debug|Any CPU
		{41C95999-80BC-4EB0-B996-9C157DAB8F16}.Debug|Any CPU.Build.0 = Debug|Any CPU
		{41C95999-80BC-4EB0-B996-9C157DAB8F16}.Release|Any CPU.ActiveCfg = Release|Any CPU
		{41C95999-80BC-4EB0-B996-9C157DAB8F16}.Release|Any CPU.Build.0 = Release|Any CPU
	EndGlobalSection
	GlobalSection(SolutionProperties) = preSolution
		HideSolutionNode = FALSE
	EndGlobalSection
	GlobalSection(ExtensibilityGlobals) = postSolution
		SolutionGuid = {36DFF5D7-6B0C-407B-9FD9-8DC39BADF14A}
	EndGlobalSection
EndGlobal
